
Microsoft Visual Studio Solution File, Format Version 12.00
# Visual Studio 15
VisualStudioVersion = 15.0.27703.2018
MinimumVisualStudioVersion = 10.0.40219.1
Project("{FAE04EC0-301F-11D3-BF4B-00C04F79EFBC}") = "WebApiCRUD", "WebApiCRUD\WebApiCRUD.csproj", "{6B610867-762B-418A-82CF-673356E2AFE9}"
EndProject
Project("{FAE04EC0-301F-11D3-BF4B-00C04F79EFBC}") = "MvcApp", "MvcApp\MvcApp.csproj", "{4735E132-11D5-4801-A426-BAD5A658F37A}"
EndProject
Global
	GlobalSection(SolutionConfigurationPlatforms) = preSolution
		Debug|Any CPU = Debug|Any CPU
		Release|Any CPU = Release|Any CPU
	EndGlobalSection
	GlobalSection(ProjectConfigurationPlatforms) = postSolution
		{6B610867-762B-418A-82CF-673356E2AFE9}.Debug|Any CPU.ActiveCfg = Debug|Any CPU
		{6B610867-762B-418A-82CF-673356E2AFE9}.Debug|Any CPU.Build.0 = Debug|Any CPU
		{6B610867-762B-418A-82CF-673356E2AFE9}.Release|Any CPU.ActiveCfg = Release|Any CPU
		{6B610867-762B-418A-82CF-673356E2AFE9}.Release|Any CPU.Build.0 = Release|Any CPU
		{4735E132-11D5-4801-A426-BAD5A658F37A}.Debug|Any CPU.ActiveCfg = Debug|Any CPU
		{4735E132-11D5-4801-A426-BAD5A658F37A}.Debug|Any CPU.Build.0 = Debug|Any CPU
		{4735E132-11D5-4801-A426-BAD5A658F37A}.Release|Any CPU.ActiveCfg = Release|Any CPU
		{4735E132-11D5-4801-A426-BAD5A658F37A}.Release|Any CPU.Build.0 = Release|Any CPU
	EndGlobalSection
	GlobalSection(SolutionProperties) = preSolution
		HideSolutionNode = FALSE
	EndGlobalSection
	GlobalSection(ExtensibilityGlobals) = postSolution
		SolutionGuid = {CF20F36C-E56D-4DAD-A3DD-5E0659CB892F}
	EndGlobalSection
EndGlobal
